// !$*UTF8*$!
{
	archiveVersion = 1;
	classes = {
	};
	objectVersion = 56;
	objects = {

/* Begin PBXBuildFile section */
		185BD0AC2CC1C08B0072324F /* LayingOutViewsApp.swift in Sources */ = {isa = PBXBuildFile; fileRef = 185BD0AB2CC1C08B0072324F /* LayingOutViewsApp.swift */; };
		185BD0AE2CC1C08B0072324F /* ContentView.swift in Sources */ = {isa = PBXBuildFile; fileRef = 185BD0AD2CC1C08B0072324F /* ContentView.swift */; };
		185BD0B02CC1C08D0072324F /* Assets.xcassets in Resources */ = {isa = PBXBuildFile; fileRef = 185BD0AF2CC1C08D0072324F /* Assets.xcassets */; };
		185BD0B32CC1C08D0072324F /* Preview Assets.xcassets in Resources */ = {isa = PBXBuildFile; fileRef = 185BD0B22CC1C08D0072324F /* Preview Assets.xcassets */; };
		185BD0BD2CC1C08D0072324F /* LayingOutViewsTests.swift in Sources */ = {isa = PBXBuildFile; fileRef = 185BD0BC2CC1C08D0072324F /* LayingOutViewsTests.swift */; };
		185BD0C72CC1C08D0072324F /* LayingOutViewsUITests.swift in Sources */ = {isa = PBXBuildFile; fileRef = 185BD0C62CC1C08D0072324F /* LayingOutViewsUITests.swift */; };
		185BD0C92CC1C08D0072324F /* LayingOutViewsUITestsLaunchTests.swift in Sources */ = {isa = PBXBuildFile; fileRef = 185BD0C82CC1C08D0072324F /* LayingOutViewsUITestsLaunchTests.swift */; };
/* End PBXBuildFile section */

/* Begin PBXContainerItemProxy section */
		185BD0B92CC1C08D0072324F /* PBXContainerItemProxy */ = {
			isa = PBXContainerItemProxy;
			containerPortal = 185BD0A02CC1C08B0072324F /* Project object */;
			proxyType = 1;
			remoteGlobalIDString = 185BD0A72CC1C08B0072324F;
			remoteInfo = LayingOutViews;
		};
		185BD0C32CC1C08D0072324F /* PBXContainerItemProxy */ = {
			isa = PBXContainerItemProxy;
			containerPortal = 185BD0A02CC1C08B0072324F /* Project object */;
			proxyType = 1;
			remoteGlobalIDString = 185BD0A72CC1C08B0072324F;
			remoteInfo = LayingOutViews;
		};
/* End PBXContainerItemProxy section */

/* Begin PBXFileReference section */
		185BD0A82CC1C08B0072324F /* LayingOutViews.app */ = {isa = PBXFileReference; explicitFileType = wrapper.application; includeInIndex = 0; path = LayingOutViews.app; sourceTree = BUILT_PRODUCTS_DIR; };
		185BD0AB2CC1C08B0072324F /* LayingOutViewsApp.swift */ = {isa = PBXFileReference; lastKnownFileType = sourcecode.swift; path = LayingOutViewsApp.swift; sourceTree = "<group>"; };
		185BD0AD2CC1C08B0072324F /* ContentView.swift */ = {isa = PBXFileReference; lastKnownFileType = sourcecode.swift; path = ContentView.swift; sourceTree = "<group>"; };
		185BD0AF2CC1C08D0072324F /* Assets.xcassets */ = {isa = PBXFileReference; lastKnownFileType = folder.assetcatalog; path = Assets.xcassets; sourceTree = "<group>"; };
		185BD0B22CC1C08D0072324F /* Preview Assets.xcassets */ = {isa = PBXFileReference; lastKnownFileType = folder.assetcatalog; path = "Preview Assets.xcassets"; sourceTree = "<group>"; };
		185BD0B82CC1C08D0072324F /* LayingOutViewsTests.xctest */ = {isa = PBXFileReference; explicitFileType = wrapper.cfbundle; includeInIndex = 0; path = LayingOutViewsTests.xctest; sourceTree = BUILT_PRODUCTS_DIR; };
		185BD0BC2CC1C08D0072324F /* LayingOutViewsTests.swift */ = {isa = PBXFileReference; lastKnownFileType = sourcecode.swift; path = LayingOutViewsTests.swift; sourceTree = "<group>"; };
		185BD0C22CC1C08D0072324F /* LayingOutViewsUITests.xctest */ = {isa = PBXFileReference; explicitFileType = wrapper.cfbundle; includeInIndex = 0; path = LayingOutViewsUITests.xctest; sourceTree = BUILT_PRODUCTS_DIR; };
		185BD0C62CC1C08D0072324F /* LayingOutViewsUITests.swift */ = {isa = PBXFileReference; lastKnownFileType = sourcecode.swift; path = LayingOutViewsUITests.swift; sourceTree = "<group>"; };
		185BD0C82CC1C08D0072324F /* LayingOutViewsUITestsLaunchTests.swift */ = {isa = PBXFileReference; lastKnownFileType = sourcecode.swift; path = LayingOutViewsUITestsLaunchTests.swift; sourceTree = "<group>"; };
/* End PBXFileReference section */

/* Begin PBXFrameworksBuildPhase section */
		185BD0A52CC1C08B0072324F /* Frameworks */ = {
			isa = PBXFrameworksBuildPhase;
			buildActionMask = 2147483647;
			files = (
			);
			runOnlyForDeploymentPostprocessing = 0;
		};
		185BD0B52CC1C08D0072324F /* Frameworks */ = {
			isa = PBXFrameworksBuildPhase;
			buildActionMask = 2147483647;
			files = (
			);
			runOnlyForDeploymentPostprocessing = 0;
		};
		185BD0BF2CC1C08D0072324F /* Frameworks */ = {
			isa = PBXFrameworksBuildPhase;
			buildActionMask = 2147483647;
			files = (
			);
			runOnlyForDeploymentPostprocessing = 0;
		};
/* End PBXFrameworksBuildPhase section */

/* Begin PBXGroup section */
		185BD09F2CC1C08B0072324F = {
			isa = PBXGroup;
			children = (
				185BD0AA2CC1C08B0072324F /* LayingOutViews */,
				185BD0BB2CC1C08D0072324F /* LayingOutViewsTests */,
				185BD0C52CC1C08D0072324F /* LayingOutViewsUITests */,
				185BD0A92CC1C08B0072324F /* Products */,
			);
			sourceTree = "<group>";
		};
		185BD0A92CC1C08B0072324F /* Products */ = {
			isa = PBXGroup;
			children = (
				185BD0A82CC1C08B0072324F /* LayingOutViews.app */,
				185BD0B82CC1C08D0072324F /* LayingOutViewsTests.xctest */,
				185BD0C22CC1C08D0072324F /* LayingOutViewsUITests.xctest */,
			);
			name = Products;
			sourceTree = "<group>";
		};
		185BD0AA2CC1C08B0072324F /* LayingOutViews */ = {
			isa = PBXGroup;
			children = (
				185BD0AB2CC1C08B0072324F /* LayingOutViewsApp.swift */,
				185BD0AD2CC1C08B0072324F /* ContentView.swift */,
				185BD0AF2CC1C08D0072324F /* Assets.xcassets */,
				185BD0B12CC1C08D0072324F /* Preview Content */,
			);
			path = LayingOutViews;
			sourceTree = "<group>";
		};
		185BD0B12CC1C08D0072324F /* Preview Content */ = {
			isa = PBXGroup;
			children = (
				185BD0B22CC1C08D0072324F /* Preview Assets.xcassets */,
			);
			path = "Preview Content";
			sourceTree = "<group>";
		};
		185BD0BB2CC1C08D0072324F /* LayingOutViewsTests */ = {
			isa = PBXGroup;
			children = (
				185BD0BC2CC1C08D0072324F /* LayingOutViewsTests.swift */,
			);
			path = LayingOutViewsTests;
			sourceTree = "<group>";
		};
		185BD0C52CC1C08D0072324F /* LayingOutViewsUITests */ = {
			isa = PBXGroup;
			children = (
				185BD0C62CC1C08D0072324F /* LayingOutViewsUITests.swift */,
				185BD0C82CC1C08D0072324F /* LayingOutViewsUITestsLaunchTests.swift */,
			);
			path = LayingOutViewsUITests;
			sourceTree = "<group>";
		};
/* End PBXGroup section */

/* Begin PBXNativeTarget section */
		185BD0A72CC1C08B0072324F /* LayingOutViews */ = {
			isa = PBXNativeTarget;
			buildConfigurationList = 185BD0CC2CC1C08D0072324F /* Build configuration list for PBXNativeTarget "LayingOutViews" */;
			buildPhases = (
				185BD0A42CC1C08B0072324F /* Sources */,
				185BD0A52CC1C08B0072324F /* Frameworks */,
				185BD0A62CC1C08B0072324F /* Resources */,
			);
			buildRules = (
			);
			dependencies = (
			);
			name = LayingOutViews;
			productName = LayingOutViews;
			productReference = 185BD0A82CC1C08B0072324F /* LayingOutViews.app */;
			productType = "com.apple.product-type.application";
		};
		185BD0B72CC1C08D0072324F /* LayingOutViewsTests */ = {
			isa = PBXNativeTarget;
			buildConfigurationList = 185BD0CF2CC1C08D0072324F /* Build configuration list for PBXNativeTarget "LayingOutViewsTests" */;
			buildPhases = (
				185BD0B42CC1C08D0072324F /* Sources */,
				185BD0B52CC1C08D0072324F /* Frameworks */,
				185BD0B62CC1C08D0072324F /* Resources */,
			);
			buildRules = (
			);
			dependencies = (
				185BD0BA2CC1C08D0072324F /* PBXTargetDependency */,
			);
			name = LayingOutViewsTests;
			productName = LayingOutViewsTests;
			productReference = 185BD0B82CC1C08D0072324F /* LayingOutViewsTests.xctest */;
			productType = "com.apple.product-type.bundle.unit-test";
		};
		185BD0C12CC1C08D0072324F /* LayingOutViewsUITests */ = {
			isa = PBXNativeTarget;
			buildConfigurationList = 185BD0D22CC1C08D0072324F /* Build configuration list for PBXNativeTarget "LayingOutViewsUITests" */;
			buildPhases = (
				185BD0BE2CC1C08D0072324F /* Sources */,
				185BD0BF2CC1C08D0072324F /* Frameworks */,
				185BD0C02CC1C08D0072324F /* Resources */,
			);
			buildRules = (
			);
			dependencies = (
				185BD0C42CC1C08D0072324F /* PBXTargetDependency */,
			);
			name = LayingOutViewsUITests;
			productName = LayingOutViewsUITests;
			productReference = 185BD0C22CC1C08D0072324F /* LayingOutViewsUITests.xctest */;
			productType = "com.apple.product-type.bundle.ui-testing";
		};
/* End PBXNativeTarget section */

/* Begin PBXProject section */
		185BD0A02CC1C08B0072324F /* Project object */ = {
			isa = PBXProject;
			attributes = {
				BuildIndependentTargetsInParallel = 1;
				LastSwiftUpdateCheck = 1540;
				LastUpgradeCheck = 1540;
				TargetAttributes = {
					185BD0A72CC1C08B0072324F = {
						CreatedOnToolsVersion = 15.4;
					};
					185BD0B72CC1C08D0072324F = {
						CreatedOnToolsVersion = 15.4;
						TestTargetID = 185BD0A72CC1C08B0072324F;
					};
					185BD0C12CC1C08D0072324F = {
						CreatedOnToolsVersion = 15.4;
						TestTargetID = 185BD0A72CC1C08B0072324F;
					};
				};
			};
			buildConfigurationList = 185BD0A32CC1C08B0072324F /* Build configuration list for PBXProject "LayingOutViews" */;
			compatibilityVersion = "Xcode 14.0";
			developmentRegion = en;
			hasScannedForEncodings = 0;
			knownRegions = (
				en,
				Base,
			);
			mainGroup = 185BD09F2CC1C08B0072324F;
			productRefGroup = 185BD0A92CC1C08B0072324F /* Products */;
			projectDirPath = "";
			projectRoot = "";
			targets = (
				185BD0A72CC1C08B0072324F /* LayingOutViews */,
				185BD0B72CC1C08D0072324F /* LayingOutViewsTests */,
				185BD0C12CC1C08D0072324F /* LayingOutViewsUITests */,
			);
		};
/* End PBXProject section */

/* Begin PBXResourcesBuildPhase section */
		185BD0A62CC1C08B0072324F /* Resources */ = {
			isa = PBXResourcesBuildPhase;
			buildActionMask = 2147483647;
			files = (
				185BD0B32CC1C08D0072324F /* Preview Assets.xcassets in Resources */,
				185BD0B02CC1C08D0072324F /* Assets.xcassets in Resources */,
			);
			runOnlyForDeploymentPostprocessing = 0;
		};
		185BD0B62CC1C08D0072324F /* Resources */ = {
			isa = PBXResourcesBuildPhase;
			buildActionMask = 2147483647;
			files = (
			);
			runOnlyForDeploymentPostprocessing = 0;
		};
		185BD0C02CC1C08D0072324F /* Resources */ = {
			isa = PBXResourcesBuildPhase;
			buildActionMask = 2147483647;
			files = (
			);
			runOnlyForDeploymentPostprocessing = 0;
		};
/* End PBXResourcesBuildPhase section */

/* Begin PBXSourcesBuildPhase section */
		185BD0A42CC1C08B0072324F /* Sources */ = {
			isa = PBXSourcesBuildPhase;
			buildActionMask = 2147483647;
			files = (
				185BD0AE2CC1C08B0072324F /* ContentView.swift in Sources */,
				185BD0AC2CC1C08B0072324F /* LayingOutViewsApp.swift in Sources */,
			);
			runOnlyForDeploymentPostprocessing = 0;
		};
		185BD0B42CC1C08D0072324F /* Sources */ = {
			isa = PBXSourcesBuildPhase;
			buildActionMask = 2147483647;
			files = (
				185BD0BD2CC1C08D0072324F /* LayingOutViewsTests.swift in Sources */,
			);
			runOnlyForDeploymentPostprocessing = 0;
		};
		185BD0BE2CC1C08D0072324F /* Sources */ = {
			isa = PBXSourcesBuildPhase;
			buildActionMask = 2147483647;
			files = (
				185BD0C92CC1C08D0072324F /* LayingOutViewsUITestsLaunchTests.swift in Sources */,
				185BD0C72CC1C08D0072324F /* LayingOutViewsUITests.swift in Sources */,
			);
			runOnlyForDeploymentPostprocessing = 0;
		};
/* End PBXSourcesBuildPhase section */

/* Begin PBXTargetDependency section */
		185BD0BA2CC1C08D0072324F /* PBXTargetDependency */ = {
			isa = PBXTargetDependency;
			target = 185BD0A72CC1C08B0072324F /* LayingOutViews */;
			targetProxy = 185BD0B92CC1C08D0072324F /* PBXContainerItemProxy */;
		};
		185BD0C42CC1C08D0072324F /* PBXTargetDependency */ = {
			isa = PBXTargetDependency;
			target = 185BD0A72CC1C08B0072324F /* LayingOutViews */;
			targetProxy = 185BD0C32CC1C08D0072324F /* PBXContainerItemProxy */;
		};
/* End PBXTargetDependency section */

/* Begin XCBuildConfiguration section */
		185BD0CA2CC1C08D0072324F /* Debug */ = {
			isa = XCBuildConfiguration;
			buildSettings = {
				ALWAYS_SEARCH_USER_PATHS = NO;
				ASSETCATALOG_COMPILER_GENERATE_SWIFT_ASSET_SYMBOL_EXTENSIONS = YES;
				CLANG_ANALYZER_NONNULL = YES;
				CLANG_ANALYZER_NUMBER_OBJECT_CONVERSION = YES_AGGRESSIVE;
				CLANG_CXX_LANGUAGE_STANDARD = "gnu++20";
				CLANG_ENABLE_MODULES = YES;
				CLANG_ENABLE_OBJC_ARC = YES;
				CLANG_ENABLE_OBJC_WEAK = YES;
				CLANG_WARN_BLOCK_CAPTURE_AUTORELEASING = YES;
				CLANG_WARN_BOOL_CONVERSION = YES;
				CLANG_WARN_COMMA = YES;
				CLANG_WARN_CONSTANT_CONVERSION = YES;
				CLANG_WARN_DEPRECATED_OBJC_IMPLEMENTATIONS = YES;
				CLANG_WARN_DIRECT_OBJC_ISA_USAGE = YES_ERROR;
				CLANG_WARN_DOCUMENTATION_COMMENTS = YES;
				CLANG_WARN_EMPTY_BODY = YES;
				CLANG_WARN_ENUM_CONVERSION = YES;
				CLANG_WARN_INFINITE_RECURSION = YES;
				CLANG_WARN_INT_CONVERSION = YES;
				CLANG_WARN_NON_LITERAL_NULL_CONVERSION = YES;
				CLANG_WARN_OBJC_IMPLICIT_RETAIN_SELF = YES;
				CLANG_WARN_OBJC_LITERAL_CONVERSION = YES;
				CLANG_WARN_OBJC_ROOT_CLASS = YES_ERROR;
				CLANG_WARN_QUOTED_INCLUDE_IN_FRAMEWORK_HEADER = YES;
				CLANG_WARN_RANGE_LOOP_ANALYSIS = YES;
				CLANG_WARN_STRICT_PROTOTYPES = YES;
				CLANG_WARN_SUSPICIOUS_MOVE = YES;
				CLANG_WARN_UNGUARDED_AVAILABILITY = YES_AGGRESSIVE;
				CLANG_WARN_UNREACHABLE_CODE = YES;
				CLANG_WARN__DUPLICATE_METHOD_MATCH = YES;
				COPY_PHASE_STRIP = NO;
				DEBUG_INFORMATION_FORMAT = dwarf;
				ENABLE_STRICT_OBJC_MSGSEND = YES;
				ENABLE_TESTABILITY = YES;
				ENABLE_USER_SCRIPT_SANDBOXING = YES;
				GCC_C_LANGUAGE_STANDARD = gnu17;
				GCC_DYNAMIC_NO_PIC = NO;
				GCC_NO_COMMON_BLOCKS = YES;
				GCC_OPTIMIZATION_LEVEL = 0;
				GCC_PREPROCESSOR_DEFINITIONS = (
					"DEBUG=1",
					"$(inherited)",
				);
				GCC_WARN_64_TO_32_BIT_CONVERSION = YES;
				GCC_WARN_ABOUT_RETURN_TYPE = YES_ERROR;
				GCC_WARN_UNDECLARED_SELECTOR = YES;
				GCC_WARN_UNINITIALIZED_AUTOS = YES_AGGRESSIVE;
				GCC_WARN_UNUSED_FUNCTION = YES;
				GCC_WARN_UNUSED_VARIABLE = YES;
				IPHONEOS_DEPLOYMENT_TARGET = 17.5;
				LOCALIZATION_PREFERS_STRING_CATALOGS = YES;
				MTL_ENABLE_DEBUG_INFO = INCLUDE_SOURCE;
				MTL_FAST_MATH = YES;
				ONLY_ACTIVE_ARCH = YES;
				SDKROOT = iphoneos;
				SWIFT_ACTIVE_COMPILATION_CONDITIONS = "DEBUG $(inherited)";
				SWIFT_OPTIMIZATION_LEVEL = "-Onone";
			};
			name = Debug;
		};
		185BD0CB2CC1C08D0072324F /* Release */ = {
			isa = XCBuildConfiguration;
			buildSettings = {
				ALWAYS_SEARCH_USER_PATHS = NO;
				ASSETCATALOG_COMPILER_GENERATE_SWIFT_ASSET_SYMBOL_EXTENSIONS = YES;
				CLANG_ANALYZER_NONNULL = YES;
				CLANG_ANALYZER_NUMBER_OBJECT_CONVERSION = YES_AGGRESSIVE;
				CLANG_CXX_LANGUAGE_STANDARD = "gnu++20";
				CLANG_ENABLE_MODULES = YES;
				CLANG_ENABLE_OBJC_ARC = YES;
				CLANG_ENABLE_OBJC_WEAK = YES;
				CLANG_WARN_BLOCK_CAPTURE_AUTORELEASING = YES;
				CLANG_WARN_BOOL_CONVERSION = YES;
				CLANG_WARN_COMMA = YES;
				CLANG_WARN_CONSTANT_CONVERSION = YES;
				CLANG_WARN_DEPRECATED_OBJC_IMPLEMENTATIONS = YES;
				CLANG_WARN_DIRECT_OBJC_ISA_USAGE = YES_ERROR;
				CLANG_WARN_DOCUMENTATION_COMMENTS = YES;
				CLANG_WARN_EMPTY_BODY = YES;
				CLANG_WARN_ENUM_CONVERSION = YES;
				CLANG_WARN_INFINITE_RECURSION = YES;
				CLANG_WARN_INT_CONVERSION = YES;
				CLANG_WARN_NON_LITERAL_NULL_CONVERSION = YES;
				CLANG_WARN_OBJC_IMPLICIT_RETAIN_SELF = YES;
				CLANG_WARN_OBJC_LITERAL_CONVERSION = YES;
				CLANG_WARN_OBJC_ROOT_CLASS = YES_ERROR;
				CLANG_WARN_QUOTED_INCLUDE_IN_FRAMEWORK_HEADER = YES;
				CLANG_WARN_RANGE_LOOP_ANALYSIS = YES;
				CLANG_WARN_STRICT_PROTOTYPES = YES;
				CLANG_WARN_SUSPICIOUS_MOVE = YES;
				CLANG_WARN_UNGUARDED_AVAILABILITY = YES_AGGRESSIVE;
				CLANG_WARN_UNREACHABLE_CODE = YES;
				CLANG_WARN__DUPLICATE_METHOD_MATCH = YES;
				COPY_PHASE_STRIP = NO;
				DEBUG_INFORMATION_FORMAT = "dwarf-with-dsym";
				ENABLE_NS_ASSERTIONS = NO;
				ENABLE_STRICT_OBJC_MSGSEND = YES;
				ENABLE_USER_SCRIPT_SANDBOXING = YES;
				GCC_C_LANGUAGE_STANDARD = gnu17;
				GCC_NO_COMMON_BLOCKS = YES;
				GCC_WARN_64_TO_32_BIT_CONVERSION = YES;
				GCC_WARN_ABOUT_RETURN_TYPE = YES_ERROR;
				GCC_WARN_UNDECLARED_SELECTOR = YES;
				GCC_WARN_UNINITIALIZED_AUTOS = YES_AGGRESSIVE;
				GCC_WARN_UNUSED_FUNCTION = YES;
				GCC_WARN_UNUSED_VARIABLE = YES;
				IPHONEOS_DEPLOYMENT_TARGET = 17.5;
				LOCALIZATION_PREFERS_STRING_CATALOGS = YES;
				MTL_ENABLE_DEBUG_INFO = NO;
				MTL_FAST_MATH = YES;
				SDKROOT = iphoneos;
				SWIFT_COMPILATION_MODE = wholemodule;
				VALIDATE_PRODUCT = YES;
			};
			name = Release;
		};
		185BD0CD2CC1C08D0072324F /* Debug */ = {
			isa = XCBuildConfiguration;
			buildSettings = {
				ASSETCATALOG_COMPILER_APPICON_NAME = AppIcon;
				ASSETCATALOG_COMPILER_GLOBAL_ACCENT_COLOR_NAME = AccentColor;
				CODE_SIGN_STYLE = Automatic;
				CURRENT_PROJECT_VERSION = 1;
				DEVELOPMENT_ASSET_PATHS = "\"LayingOutViews/Preview Content\"";
				ENABLE_PREVIEWS = YES;
				GENERATE_INFOPLIST_FILE = YES;
				INFOPLIST_KEY_UIApplicationSceneManifest_Generation = YES;
				INFOPLIST_KEY_UIApplicationSupportsIndirectInputEvents = YES;
				INFOPLIST_KEY_UILaunchScreen_Generation = YES;
				INFOPLIST_KEY_UISupportedInterfaceOrientations_iPad = "UIInterfaceOrientationPortrait UIInterfaceOrientationPortraitUpsideDown UIInterfaceOrientationLandscapeLeft UIInterfaceOrientationLandscapeRight";
				INFOPLIST_KEY_UISupportedInterfaceOrientations_iPhone = "UIInterfaceOrientationPortrait UIInterfaceOrientationLandscapeLeft UIInterfaceOrientationLandscapeRight";
				LD_RUNPATH_SEARCH_PATHS = (
					"$(inherited)",
					"@executable_path/Frameworks",
				);
				MARKETING_VERSION = 1.0;
				PRODUCT_BUNDLE_IDENTIFIER = Kevin.LayingOutViews;
				PRODUCT_NAME = "$(TARGET_NAME)";
				SWIFT_EMIT_LOC_STRINGS = YES;
				SWIFT_VERSION = 5.0;
				TARGETED_DEVICE_FAMILY = "1,2";
			};
			name = Debug;
		};
		185BD0CE2CC1C08D0072324F /* Release */ = {
			isa = XCBuildConfiguration;
			buildSettings = {
				ASSETCATALOG_COMPILER_APPICON_NAME = AppIcon;
				ASSETCATALOG_COMPILER_GLOBAL_ACCENT_COLOR_NAME = AccentColor;
				CODE_SIGN_STYLE = Automatic;
				CURRENT_PROJECT_VERSION = 1;
				DEVELOPMENT_ASSET_PATHS = "\"LayingOutViews/Preview Content\"";
				ENABLE_PREVIEWS = YES;
				GENERATE_INFOPLIST_FILE = YES;
				INFOPLIST_KEY_UIApplicationSceneManifest_Generation = YES;
				INFOPLIST_KEY_UIApplicationSupportsIndirectInputEvents = YES;
				INFOPLIST_KEY_UILaunchScreen_Generation = YES;
				INFOPLIST_KEY_UISupportedInterfaceOrientations_iPad = "UIInterfaceOrientationPortrait UIInterfaceOrientationPortraitUpsideDown UIInterfaceOrientationLandscapeLeft UIInterfaceOrientationLandscapeRight";
				INFOPLIST_KEY_UISupportedInterfaceOrientations_iPhone = "UIInterfaceOrientationPortrait UIInterfaceOrientationLandscapeLeft UIInterfaceOrientationLandscapeRight";
				LD_RUNPATH_SEARCH_PATHS = (
					"$(inherited)",
					"@executable_path/Frameworks",
				);
				MARKETING_VERSION = 1.0;
				PRODUCT_BUNDLE_IDENTIFIER = Kevin.LayingOutViews;
				PRODUCT_NAME = "$(TARGET_NAME)";
				SWIFT_EMIT_LOC_STRINGS = YES;
				SWIFT_VERSION = 5.0;
				TARGETED_DEVICE_FAMILY = "1,2";
			};
			name = Release;
		};
		185BD0D02CC1C08D0072324F /* Debug */ = {
			isa = XCBuildConfiguration;
			buildSettings = {
				ALWAYS_EMBED_SWIFT_STANDARD_LIBRARIES = YES;
				BUNDLE_LOADER = "$(TEST_HOST)";
				CODE_SIGN_STYLE = Automatic;
				CURRENT_PROJECT_VERSION = 1;
				GENERATE_INFOPLIST_FILE = YES;
				IPHONEOS_DEPLOYMENT_TARGET = 17.5;
				MARKETING_VERSION = 1.0;
				PRODUCT_BUNDLE_IDENTIFIER = Kevin.LayingOutViewsTests;
				PRODUCT_NAME = "$(TARGET_NAME)";
				SWIFT_EMIT_LOC_STRINGS = NO;
				SWIFT_VERSION = 5.0;
				TARGETED_DEVICE_FAMILY = "1,2";
				TEST_HOST = "$(BUILT_PRODUCTS_DIR)/LayingOutViews.app/$(BUNDLE_EXECUTABLE_FOLDER_PATH)/LayingOutViews";
			};
			name = Debug;
		};
		185BD0D12CC1C08D0072324F /* Release */ = {
			isa = XCBuildConfiguration;
			buildSettings = {
				ALWAYS_EMBED_SWIFT_STANDARD_LIBRARIES = YES;
				BUNDLE_LOADER = "$(TEST_HOST)";
				CODE_SIGN_STYLE = Automatic;
				CURRENT_PROJECT_VERSION = 1;
				GENERATE_INFOPLIST_FILE = YES;
				IPHONEOS_DEPLOYMENT_TARGET = 17.5;
				MARKETING_VERSION = 1.0;
				PRODUCT_BUNDLE_IDENTIFIER = Kevin.LayingOutViewsTests;
				PRODUCT_NAME = "$(TARGET_NAME)";
				SWIFT_EMIT_LOC_STRINGS = NO;
				SWIFT_VERSION = 5.0;
				TARGETED_DEVICE_FAMILY = "1,2";
				TEST_HOST = "$(BUILT_PRODUCTS_DIR)/LayingOutViews.app/$(BUNDLE_EXECUTABLE_FOLDER_PATH)/LayingOutViews";
			};
			name = Release;
		};
		185BD0D32CC1C08D0072324F /* Debug */ = {
			isa = XCBuildConfiguration;
			buildSettings = {
				ALWAYS_EMBED_SWIFT_STANDARD_LIBRARIES = YES;
				CODE_SIGN_STYLE = Automatic;
				CURRENT_PROJECT_VERSION = 1;
				GENERATE_INFOPLIST_FILE = YES;
				MARKETING_VERSION = 1.0;
				PRODUCT_BUNDLE_IDENTIFIER = Kevin.LayingOutViewsUITests;
				PRODUCT_NAME = "$(TARGET_NAME)";
				SWIFT_EMIT_LOC_STRINGS = NO;
				SWIFT_VERSION = 5.0;
				TARGETED_DEVICE_FAMILY = "1,2";
				TEST_TARGET_NAME = LayingOutViews;
			};
			name = Debug;
		};
		185BD0D42CC1C08D0072324F /* Release */ = {
			isa = XCBuildConfiguration;
			buildSettings = {
				ALWAYS_EMBED_SWIFT_STANDARD_LIBRARIES = YES;
				CODE_SIGN_STYLE = Automatic;
				CURRENT_PROJECT_VERSION = 1;
				GENERATE_INFOPLIST_FILE = YES;
				MARKETING_VERSION = 1.0;
				PRODUCT_BUNDLE_IDENTIFIER = Kevin.LayingOutViewsUITests;
				PRODUCT_NAME = "$(TARGET_NAME)";
				SWIFT_EMIT_LOC_STRINGS = NO;
				SWIFT_VERSION = 5.0;
				TARGETED_DEVICE_FAMILY = "1,2";
				TEST_TARGET_NAME = LayingOutViews;
			};
			name = Release;
		};
/* End XCBuildConfiguration section */

/* Begin XCConfigurationList section */
		185BD0A32CC1C08B0072324F /* Build configuration list for PBXProject "LayingOutViews" */ = {
			isa = XCConfigurationList;
			buildConfigurations = (
				185BD0CA2CC1C08D0072324F /* Debug */,
				185BD0CB2CC1C08D0072324F /* Release */,
			);
			defaultConfigurationIsVisible = 0;
			defaultConfigurationName = Release;
		};
		185BD0CC2CC1C08D0072324F /* Build configuration list for PBXNativeTarget "LayingOutViews" */ = {
			isa = XCConfigurationList;
			buildConfigurations = (
				185BD0CD2CC1C08D0072324F /* Debug */,
				185BD0CE2CC1C08D0072324F /* Release */,
			);
			defaultConfigurationIsVisible = 0;
			defaultConfigurationName = Release;
		};
		185BD0CF2CC1C08D0072324F /* Build configuration list for PBXNativeTarget "LayingOutViewsTests" */ = {
			isa = XCConfigurationList;
			buildConfigurations = (
				185BD0D02CC1C08D0072324F /* Debug */,
				185BD0D12CC1C08D0072324F /* Release */,
			);
			defaultConfigurationIsVisible = 0;
			defaultConfigurationName = Release;
		};
		185BD0D22CC1C08D0072324F /* Build configuration list for PBXNativeTarget "LayingOutViewsUITests" */ = {
			isa = XCConfigurationList;
			buildConfigurations = (
				185BD0D32CC1C08D0072324F /* Debug */,
				185BD0D42CC1C08D0072324F /* Release */,
			);
			defaultConfigurationIsVisible = 0;
			defaultConfigurationName = Release;
		};
/* End XCConfigurationList section */
	};
	rootObject = 185BD0A02CC1C08B0072324F /* Project object */;
}
